// !$*UTF8*$!
{
	archiveVersion = 1;
	classes = {
	};
	objectVersion = 48;
	objects = {

/* Begin PBXBuildFile section */
		8406602A1FE6CF4700EBAEC7 /* AppDelegate.m in Sources */ = {isa = PBXBuildFile; fileRef = 840660291FE6CF4700EBAEC7 /* AppDelegate.m */; };
		8406602D1FE6CF4700EBAEC7 /* ViewController.m in Sources */ = {isa = PBXBuildFile; fileRef = 8406602C1FE6CF4700EBAEC7 /* ViewController.m */; };
		840660301FE6CF4700EBAEC7 /* Main.storyboard in Resources */ = {isa = PBXBuildFile; fileRef = 8406602E1FE6CF4700EBAEC7 /* Main.storyboard */; };
		840660321FE6CF4700EBAEC7 /* Assets.xcassets in Resources */ = {isa = PBXBuildFile; fileRef = 840660311FE6CF4700EBAEC7 /* Assets.xcassets */; };
		840660351FE6CF4700EBAEC7 /* LaunchScreen.storyboard in Resources */ = {isa = PBXBuildFile; fileRef = 840660331FE6CF4700EBAEC7 /* LaunchScreen.storyboard */; };
		840660381FE6CF4700EBAEC7 /* main.m in Sources */ = {isa = PBXBuildFile; fileRef = 840660371FE6CF4700EBAEC7 /* main.m */; };
		840660441FE6D3C200EBAEC7 /* blue.png in Resources */ = {isa = PBXBuildFile; fileRef = 840660421FE6D3C200EBAEC7 /* blue.png */; };
		840660451FE6D3C200EBAEC7 /* yellow.png in Resources */ = {isa = PBXBuildFile; fileRef = 840660431FE6D3C200EBAEC7 /* yellow.png */; };
/* End PBXBuildFile section */

/* Begin PBXFileReference section */
		840660251FE6CF4700EBAEC7 /* LedPhoto.app */ = {isa = PBXFileReference; explicitFileType = wrapper.application; includeInIndex = 0; path = LedPhoto.app; sourceTree = BUILT_PRODUCTS_DIR; };
		840660281FE6CF4700EBAEC7 /* AppDelegate.h */ = {isa = PBXFileReference; lastKnownFileType = sourcecode.c.h; path = AppDelegate.h; sourceTree = "<group>"; };
		840660291FE6CF4700EBAEC7 /* AppDelegate.m */ = {isa = PBXFileReference; lastKnownFileType = sourcecode.c.objc; path = AppDelegate.m; sourceTree = "<group>"; };
		8406602B1FE6CF4700EBAEC7 /* ViewController.h */ = {isa = PBXFileReference; lastKnownFileType = sourcecode.c.h; path = ViewController.h; sourceTree = "<group>"; };
		8406602C1FE6CF4700EBAEC7 /* ViewController.m */ = {isa = PBXFileReference; lastKnownFileType = sourcecode.c.objc; path = ViewController.m; sourceTree = "<group>"; };
		8406602F1FE6CF4700EBAEC7 /* Base */ = {isa = PBXFileReference; lastKnownFileType = file.storyboard; name = Base; path = Base.lproj/Main.storyboard; sourceTree = "<group>"; };
		840660311FE6CF4700EBAEC7 /* Assets.xcassets */ = {isa = PBXFileReference; lastKnownFileType = folder.assetcatalog; path = Assets.xcassets; sourceTree = "<group>"; };
		840660341FE6CF4700EBAEC7 /* Base */ = {isa = PBXFileReference; lastKnownFileType = file.storyboard; name = Base; path = Base.lproj/LaunchScreen.storyboard; sourceTree = "<group>"; };
		840660361FE6CF4700EBAEC7 /* Info.plist */ = {isa = PBXFileReference; lastKnownFileType = text.plist.xml; path = Info.plist; sourceTree = "<group>"; };
		840660371FE6CF4700EBAEC7 /* main.m */ = {isa = PBXFileReference; lastKnownFileType = sourcecode.c.objc; path = main.m; sourceTree = "<group>"; };
		840660421FE6D3C200EBAEC7 /* blue.png */ = {isa = PBXFileReference; lastKnownFileType = image.png; name = blue.png; path = ../../../../Desktop/balls/blue.png; sourceTree = "<group>"; };
		840660431FE6D3C200EBAEC7 /* yellow.png */ = {isa = PBXFileReference; lastKnownFileType = image.png; name = yellow.png; path = ../../../../Desktop/balls/yellow.png; sourceTree = "<group>"; };
/* End PBXFileReference section */

/* Begin PBXFrameworksBuildPhase section */
		840660221FE6CF4700EBAEC7 /* Frameworks */ = {
			isa = PBXFrameworksBuildPhase;
			buildActionMask = 2147483647;
			files = (
			);
			runOnlyForDeploymentPostprocessing = 0;
		};
/* End PBXFrameworksBuildPhase section */

/* Begin PBXGroup section */
		8406601C1FE6CF4700EBAEC7 = {
			isa = PBXGroup;
			children = (
				840660271FE6CF4700EBAEC7 /* LedPhoto */,
				840660261FE6CF4700EBAEC7 /* Products */,
			);
			sourceTree = "<group>";
		};
		840660261FE6CF4700EBAEC7 /* Products */ = {
			isa = PBXGroup;
			children = (
				840660251FE6CF4700EBAEC7 /* LedPhoto.app */,
			);
			name = Products;
			sourceTree = "<group>";
		};
		840660271FE6CF4700EBAEC7 /* LedPhoto */ = {
			isa = PBXGroup;
			children = (
				840660421FE6D3C200EBAEC7 /* blue.png */,
				840660431FE6D3C200EBAEC7 /* yellow.png */,
				840660281FE6CF4700EBAEC7 /* AppDelegate.h */,
				840660291FE6CF4700EBAEC7 /* AppDelegate.m */,
				8406602B1FE6CF4700EBAEC7 /* ViewController.h */,
				8406602C1FE6CF4700EBAEC7 /* ViewController.m */,
				8406602E1FE6CF4700EBAEC7 /* Main.storyboard */,
				840660311FE6CF4700EBAEC7 /* Assets.xcassets */,
				840660331FE6CF4700EBAEC7 /* LaunchScreen.storyboard */,
				840660361FE6CF4700EBAEC7 /* Info.plist */,
				840660371FE6CF4700EBAEC7 /* main.m */,
			);
			path = LedPhoto;
			sourceTree = "<group>";
		};
/* End PBXGroup section */

/* Begin PBXNativeTarget section */
		840660241FE6CF4700EBAEC7 /* LedPhoto */ = {
			isa = PBXNativeTarget;
			buildConfigurationList = 8406603B1FE6CF4700EBAEC7 /* Build configuration list for PBXNativeTarget "LedPhoto" */;
			buildPhases = (
				840660211FE6CF4700EBAEC7 /* Sources */,
				840660221FE6CF4700EBAEC7 /* Frameworks */,
				840660231FE6CF4700EBAEC7 /* Resources */,
			);
			buildRules = (
			);
			dependencies = (
			);
			name = LedPhoto;
			productName = LedPhoto;
			productReference = 840660251FE6CF4700EBAEC7 /* LedPhoto.app */;
			productType = "com.apple.product-type.application";
		};
/* End PBXNativeTarget section */

/* Begin PBXProject section */
		8406601D1FE6CF4700EBAEC7 /* Project object */ = {
			isa = PBXProject;
			attributes = {
				LastUpgradeCheck = 0920;
				ORGANIZATIONNAME = admin;
				TargetAttributes = {
					840660241FE6CF4700EBAEC7 = {
						CreatedOnToolsVersion = 9.2;
						ProvisioningStyle = Manual;
					};
				};
			};
			buildConfigurationList = 840660201FE6CF4700EBAEC7 /* Build configuration list for PBXProject "LedPhoto" */;
			compatibilityVersion = "Xcode 8.0";
			developmentRegion = en;
			hasScannedForEncodings = 0;
			knownRegions = (
				en,
				Base,
			);
			mainGroup = 8406601C1FE6CF4700EBAEC7;
			productRefGroup = 840660261FE6CF4700EBAEC7 /* Products */;
			projectDirPath = "";
			projectRoot = "";
			targets = (
				840660241FE6CF4700EBAEC7 /* LedPhoto */,
			);
		};
/* End PBXProject section */

/* Begin PBXResourcesBuildPhase section */
		840660231FE6CF4700EBAEC7 /* Resources */ = {
			isa = PBXResourcesBuildPhase;
			buildActionMask = 2147483647;
			files = (
				840660351FE6CF4700EBAEC7 /* LaunchScreen.storyboard in Resources */,
				840660321FE6CF4700EBAEC7 /* Assets.xcassets in Resources */,
				840660451FE6D3C200EBAEC7 /* yellow.png in Resources */,
				840660301FE6CF4700EBAEC7 /* Main.storyboard in Resources */,
				840660441FE6D3C200EBAEC7 /* blue.png in Resources */,
			);
			runOnlyForDeploymentPostprocessing = 0;
		};
/* End PBXResourcesBuildPhase section */

/* Begin PBXSourcesBuildPhase section */
		840660211FE6CF4700EBAEC7 /* Sources */ = {
			isa = PBXSourcesBuildPhase;
			buildActionMask = 2147483647;
			files = (
				8406602D1FE6CF4700EBAEC7 /* ViewController.m in Sources */,
				840660381FE6CF4700EBAEC7 /* main.m in Sources */,
				8406602A1FE6CF4700EBAEC7 /* AppDelegate.m in Sources */,
			);
			runOnlyForDeploymentPostprocessing = 0;
		};
/* End PBXSourcesBuildPhase section */

/* Begin PBXVariantGroup section */
		8406602E1FE6CF4700EBAEC7 /* Main.storyboard */ = {
			isa = PBXVariantGroup;
			children = (
				8406602F1FE6CF4700EBAEC7 /* Base */,
			);
			name = Main.storyboard;
			sourceTree = "<group>";
		};
		840660331FE6CF4700EBAEC7 /* LaunchScreen.storyboard */ = {
			isa = PBXVariantGroup;
			children = (
				840660341FE6CF4700EBAEC7 /* Base */,
			);
			name = LaunchScreen.storyboard;
			sourceTree = "<group>";
		};
/* End PBXVariantGroup section */

/* Begin XCBuildConfiguration section */
		840660391FE6CF4700EBAEC7 /* Debug */ = {
			isa = XCBuildConfiguration;
			buildSettings = {
				ALWAYS_SEARCH_USER_PATHS = NO;
				CLANG_ANALYZER_NONNULL = YES;
				CLANG_ANALYZER_NUMBER_OBJECT_CONVERSION = YES_AGGRESSIVE;
				CLANG_CXX_LANGUAGE_STANDARD = "gnu++14";
				CLANG_CXX_LIBRARY = "libc++";
				CLANG_ENABLE_MODULES = YES;
				CLANG_ENABLE_OBJC_ARC = YES;
				CLANG_WARN_BLOCK_CAPTURE_AUTORELEASING = YES;
				CLANG_WARN_BOOL_CONVERSION = YES;
				CLANG_WARN_COMMA = YES;
				CLANG_WARN_CONSTANT_CONVERSION = YES;
				CLANG_WARN_DIRECT_OBJC_ISA_USAGE = YES_ERROR;
				CLANG_WARN_DOCUMENTATION_COMMENTS = YES;
				CLANG_WARN_EMPTY_BODY = YES;
				CLANG_WARN_ENUM_CONVERSION = YES;
				CLANG_WARN_INFINITE_RECURSION = YES;
				CLANG_WARN_INT_CONVERSION = YES;
				CLANG_WARN_NON_LITERAL_NULL_CONVERSION = YES;
				CLANG_WARN_OBJC_LITERAL_CONVERSION = YES;
				CLANG_WARN_OBJC_ROOT_CLASS = YES_ERROR;
				CLANG_WARN_RANGE_LOOP_ANALYSIS = YES;
				CLANG_WARN_STRICT_PROTOTYPES = YES;
				CLANG_WARN_SUSPICIOUS_MOVE = YES;
				CLANG_WARN_UNGUARDED_AVAILABILITY = YES_AGGRESSIVE;
				CLANG_WARN_UNREACHABLE_CODE = YES;
				CLANG_WARN__DUPLICATE_METHOD_MATCH = YES;
				CODE_SIGN_IDENTITY = "iPhone Developer";
				COPY_PHASE_STRIP = NO;
				DEBUG_INFORMATION_FORMAT = dwarf;
				ENABLE_STRICT_OBJC_MSGSEND = YES;
				ENABLE_TESTABILITY = YES;
				GCC_C_LANGUAGE_STANDARD = gnu11;
				GCC_DYNAMIC_NO_PIC = NO;
				GCC_NO_COMMON_BLOCKS = YES;
				GCC_OPTIMIZATION_LEVEL = 0;
				GCC_PREPROCESSOR_DEFINITIONS = (
					"DEBUG=1",
					"$(inherited)",
				);
				GCC_WARN_64_TO_32_BIT_CONVERSION = YES;
				GCC_WARN_ABOUT_RETURN_TYPE = YES_ERROR;
				GCC_WARN_UNDECLARED_SELECTOR = YES;
				GCC_WARN_UNINITIALIZED_AUTOS = YES_AGGRESSIVE;
				GCC_WARN_UNUSED_FUNCTION = YES;
				GCC_WARN_UNUSED_VARIABLE = YES;
				IPHONEOS_DEPLOYMENT_TARGET = 11.2;
				MTL_ENABLE_DEBUG_INFO = YES;
				ONLY_ACTIVE_ARCH = YES;
				SDKROOT = iphoneos;
			};
			name = Debug;
		};
		8406603A1FE6CF4700EBAEC7 /* Release */ = {
			isa = XCBuildConfiguration;
			buildSettings = {
				ALWAYS_SEARCH_USER_PATHS = NO;
				CLANG_ANALYZER_NONNULL = YES;
				CLANG_ANALYZER_NUMBER_OBJECT_CONVERSION = YES_AGGRESSIVE;
				CLANG_CXX_LANGUAGE_STANDARD = "gnu++14";
				CLANG_CXX_LIBRARY = "libc++";
				CLANG_ENABLE_MODULES = YES;
				CLANG_ENABLE_OBJC_ARC = YES;
				CLANG_WARN_BLOCK_CAPTURE_AUTORELEASING = YES;
				CLANG_WARN_BOOL_CONVERSION = YES;
				CLANG_WARN_COMMA = YES;
				CLANG_WARN_CONSTANT_CONVERSION = YES;
				CLANG_WARN_DIRECT_OBJC_ISA_USAGE = YES_ERROR;
				CLANG_WARN_DOCUMENTATION_COMMENTS = YES;
				CLANG_WARN_EMPTY_BODY = YES;
				CLANG_WARN_ENUM_CONVERSION = YES;
				CLANG_WARN_INFINITE_RECURSION = YES;
				CLANG_WARN_INT_CONVERSION = YES;
				CLANG_WARN_NON_LITERAL_NULL_CONVERSION = YES;
				CLANG_WARN_OBJC_LITERAL_CONVERSION = YES;
				CLANG_WARN_OBJC_ROOT_CLASS = YES_ERROR;
				CLANG_WARN_RANGE_LOOP_ANALYSIS = YES;
				CLANG_WARN_STRICT_PROTOTYPES = YES;
				CLANG_WARN_SUSPICIOUS_MOVE = YES;
				CLANG_WARN_UNGUARDED_AVAILABILITY = YES_AGGRESSIVE;
				CLANG_WARN_UNREACHABLE_CODE = YES;
				CLANG_WARN__DUPLICATE_METHOD_MATCH = YES;
				CODE_SIGN_IDENTITY = "iPhone Developer";
				COPY_PHASE_STRIP = NO;
				DEBUG_INFORMATION_FORMAT = "dwarf-with-dsym";
				ENABLE_NS_ASSERTIONS = NO;
				ENABLE_STRICT_OBJC_MSGSEND = YES;
				GCC_C_LANGUAGE_STANDARD = gnu11;
				GCC_NO_COMMON_BLOCKS = YES;
				GCC_WARN_64_TO_32_BIT_CONVERSION = YES;
				GCC_WARN_ABOUT_RETURN_TYPE = YES_ERROR;
				GCC_WARN_UNDECLARED_SELECTOR = YES;
				GCC_WARN_UNINITIALIZED_AUTOS = YES_AGGRESSIVE;
				GCC_WARN_UNUSED_FUNCTION = YES;
				GCC_WARN_UNUSED_VARIABLE = YES;
				IPHONEOS_DEPLOYMENT_TARGET = 11.2;
				MTL_ENABLE_DEBUG_INFO = NO;
				SDKROOT = iphoneos;
				VALIDATE_PRODUCT = YES;
			};
			name = Release;
		};
		8406603C1FE6CF4700EBAEC7 /* Debug */ = {
			isa = XCBuildConfiguration;
			buildSettings = {
				ASSETCATALOG_COMPILER_APPICON_NAME = AppIcon;
				CODE_SIGN_STYLE = Manual;
				DEVELOPMENT_TEAM = "";
				INFOPLIST_FILE = LedPhoto/Info.plist;
				LD_RUNPATH_SEARCH_PATHS = "$(inherited) @executable_path/Frameworks";
				PRODUCT_BUNDLE_IDENTIFIER = admin.LedPhoto;
				PRODUCT_NAME = "$(TARGET_NAME)";
				PROVISIONING_PROFILE_SPECIFIER = "";
				TARGETED_DEVICE_FAMILY = "1,2";
			};
			name = Debug;
		};
		8406603D1FE6CF4700EBAEC7 /* Release */ = {
			isa = XCBuildConfiguration;
			buildSettings = {
				ASSETCATALOG_COMPILER_APPICON_NAME = AppIcon;
				CODE_SIGN_STYLE = Manual;
				DEVELOPMENT_TEAM = "";
				INFOPLIST_FILE = LedPhoto/Info.plist;
				LD_RUNPATH_SEARCH_PATHS = "$(inherited) @executable_path/Frameworks";
				PRODUCT_BUNDLE_IDENTIFIER = admin.LedPhoto;
				PRODUCT_NAME = "$(TARGET_NAME)";
				PROVISIONING_PROFILE_SPECIFIER = "";
				TARGETED_DEVICE_FAMILY = "1,2";
			};
			name = Release;
		};
/* End XCBuildConfiguration section */

/* Begin XCConfigurationList section */
		840660201FE6CF4700EBAEC7 /* Build configuration list for PBXProject "LedPhoto" */ = {
			isa = XCConfigurationList;
			buildConfigurations = (
				840660391FE6CF4700EBAEC7 /* Debug */,
				8406603A1FE6CF4700EBAEC7 /* Release */,
			);
			defaultConfigurationIsVisible = 0;
			defaultConfigurationName = Release;
		};
		8406603B1FE6CF4700EBAEC7 /* Build configuration list for PBXNativeTarget "LedPhoto" */ = {
			isa = XCConfigurationList;
			buildConfigurations = (
				8406603C1FE6CF4700EBAEC7 /* Debug */,
				8406603D1FE6CF4700EBAEC7 /* Release */,
			);
			defaultConfigurationIsVisible = 0;
			defaultConfigurationName = Release;
		};
/* End XCConfigurationList section */
	};
	rootObject = 8406601D1FE6CF4700EBAEC7 /* Project object */;
}
